
Microsoft Visual Studio Solution File, Format Version 12.00
# Visual Studio Version 17
VisualStudioVersion = 17.4.33213.308
MinimumVisualStudioVersion = 10.0.40219.1
Project("{FAE04EC0-301F-11D3-BF4B-00C04F79EFBC}") = "ExamSystemEF", "ExamSystemEF\ExamSystemEF.csproj", "{DA92DE3E-3CA1-412B-A90D-02E8C083623C}"
EndProject
Global
	GlobalSection(SolutionConfigurationPlatforms) = preSolution
		Debug|Any CPU = Debug|Any CPU
		Release|Any CPU = Release|Any CPU
	EndGlobalSection
	GlobalSection(ProjectConfigurationPlatforms) = postSolution
		{DA92DE3E-3CA1-412B-A90D-02E8C083623C}.Debug|Any CPU.ActiveCfg = Debug|Any CPU
		{DA92DE3E-3CA1-412B-A90D-02E8C083623C}.Debug|Any CPU.Build.0 = Debug|Any CPU
		{DA92DE3E-3CA1-412B-A90D-02E8C083623C}.Release|Any CPU.ActiveCfg = Release|Any CPU
		{DA92DE3E-3CA1-412B-A90D-02E8C083623C}.Release|Any CPU.Build.0 = Release|Any CPU
	EndGlobalSection
	GlobalSection(SolutionProperties) = preSolution
		HideSolutionNode = FALSE
	EndGlobalSection
	GlobalSection(ExtensibilityGlobals) = postSolution
		SolutionGuid = {E1E21ADE-B688-4CA1-8E16-D973BF21633E}
	EndGlobalSection
EndGlobal
